
Microsoft Visual Studio Solution File, Format Version 12.00
# Visual Studio Version 17
VisualStudioVersion = 17.5.002.0
MinimumVisualStudioVersion = 10.0.40219.1
Project("{9A19103F-16F7-4668-BE54-9A1E7A4F7556}") = "KaukoBskyFeeds.Web", "KaukoBskyFeeds.Web\KaukoBskyFeeds.Web.csproj", "{88C4EA9C-8EC6-4E4F-83FD-047E8EAC53CA}"
EndProject
Project("{FAE04EC0-301F-11D3-BF4B-00C04F79EFBC}") = "KaukoBskyFeeds.Feeds", "KaukoBskyFeeds.Feeds\KaukoBskyFeeds.Feeds.csproj", "{547F787E-009A-4DA9-9DCF-66A1303C6EDA}"
EndProject
Project("{FAE04EC0-301F-11D3-BF4B-00C04F79EFBC}") = "KaukoBskyFeeds.Shared", "KaukoBskyFeeds.Shared\KaukoBskyFeeds.Shared.csproj", "{D1692EBF-23A6-46BB-8EE0-FC0FCCB53780}"
EndProject
Project("{FAE04EC0-301F-11D3-BF4B-00C04F79EFBC}") = "KaukoBskyFeeds.Ingest", "KaukoBskyFeeds.Ingest\KaukoBskyFeeds.Ingest.csproj", "{B3767F94-0630-495E-B36A-B1E2B695FA92}"
EndProject
Project("{FAE04EC0-301F-11D3-BF4B-00C04F79EFBC}") = "KaukoBskyFeeds.Db", "KaukoBskyFeeds.Db\KaukoBskyFeeds.Db.csproj", "{9E8036D5-46B7-45A8-A54F-9909EFA197D9}"
EndProject
Project("{FAE04EC0-301F-11D3-BF4B-00C04F79EFBC}") = "KaukoBskyFeeds.Ingest.Jetstream", "KaukoBskyFeeds.Ingest.Jetstream\KaukoBskyFeeds.Ingest.Jetstream.csproj", "{B2ED5907-C73E-44EC-BDBE-FFC00DE7BA8E}"
EndProject
Project("{FAE04EC0-301F-11D3-BF4B-00C04F79EFBC}") = "KaukoBskyFeeds.Lofi", "KaukoBskyFeeds.Lofi\KaukoBskyFeeds.Lofi.csproj", "{969CF343-A65A-46CE-8BB9-6BC974144148}"
EndProject
Global
	GlobalSection(SolutionConfigurationPlatforms) = preSolution
		Debug|Any CPU = Debug|Any CPU
		Release|Any CPU = Release|Any CPU
	EndGlobalSection
	GlobalSection(ProjectConfigurationPlatforms) = postSolution
		{88C4EA9C-8EC6-4E4F-83FD-047E8EAC53CA}.Debug|Any CPU.ActiveCfg = Debug|Any CPU
		{88C4EA9C-8EC6-4E4F-83FD-047E8EAC53CA}.Debug|Any CPU.Build.0 = Debug|Any CPU
		{88C4EA9C-8EC6-4E4F-83FD-047E8EAC53CA}.Release|Any CPU.ActiveCfg = Release|Any CPU
		{88C4EA9C-8EC6-4E4F-83FD-047E8EAC53CA}.Release|Any CPU.Build.0 = Release|Any CPU
		{547F787E-009A-4DA9-9DCF-66A1303C6EDA}.Debug|Any CPU.ActiveCfg = Debug|Any CPU
		{547F787E-009A-4DA9-9DCF-66A1303C6EDA}.Debug|Any CPU.Build.0 = Debug|Any CPU
		{547F787E-009A-4DA9-9DCF-66A1303C6EDA}.Release|Any CPU.ActiveCfg = Release|Any CPU
		{547F787E-009A-4DA9-9DCF-66A1303C6EDA}.Release|Any CPU.Build.0 = Release|Any CPU
		{D1692EBF-23A6-46BB-8EE0-FC0FCCB53780}.Debug|Any CPU.ActiveCfg = Debug|Any CPU
		{D1692EBF-23A6-46BB-8EE0-FC0FCCB53780}.Debug|Any CPU.Build.0 = Debug|Any CPU
		{D1692EBF-23A6-46BB-8EE0-FC0FCCB53780}.Release|Any CPU.ActiveCfg = Release|Any CPU
		{D1692EBF-23A6-46BB-8EE0-FC0FCCB53780}.Release|Any CPU.Build.0 = Release|Any CPU
		{B3767F94-0630-495E-B36A-B1E2B695FA92}.Debug|Any CPU.ActiveCfg = Debug|Any CPU
		{B3767F94-0630-495E-B36A-B1E2B695FA92}.Debug|Any CPU.Build.0 = Debug|Any CPU
		{B3767F94-0630-495E-B36A-B1E2B695FA92}.Release|Any CPU.ActiveCfg = Release|Any CPU
		{B3767F94-0630-495E-B36A-B1E2B695FA92}.Release|Any CPU.Build.0 = Release|Any CPU
		{9E8036D5-46B7-45A8-A54F-9909EFA197D9}.Debug|Any CPU.ActiveCfg = Debug|Any CPU
		{9E8036D5-46B7-45A8-A54F-9909EFA197D9}.Debug|Any CPU.Build.0 = Debug|Any CPU
		{9E8036D5-46B7-45A8-A54F-9909EFA197D9}.Release|Any CPU.ActiveCfg = Release|Any CPU
		{9E8036D5-46B7-45A8-A54F-9909EFA197D9}.Release|Any CPU.Build.0 = Release|Any CPU
		{B2ED5907-C73E-44EC-BDBE-FFC00DE7BA8E}.Debug|Any CPU.ActiveCfg = Debug|Any CPU
		{B2ED5907-C73E-44EC-BDBE-FFC00DE7BA8E}.Debug|Any CPU.Build.0 = Debug|Any CPU
		{B2ED5907-C73E-44EC-BDBE-FFC00DE7BA8E}.Release|Any CPU.ActiveCfg = Release|Any CPU
		{B2ED5907-C73E-44EC-BDBE-FFC00DE7BA8E}.Release|Any CPU.Build.0 = Release|Any CPU
		{969CF343-A65A-46CE-8BB9-6BC974144148}.Debug|Any CPU.ActiveCfg = Debug|Any CPU
		{969CF343-A65A-46CE-8BB9-6BC974144148}.Debug|Any CPU.Build.0 = Debug|Any CPU
		{969CF343-A65A-46CE-8BB9-6BC974144148}.Release|Any CPU.ActiveCfg = Release|Any CPU
		{969CF343-A65A-46CE-8BB9-6BC974144148}.Release|Any CPU.Build.0 = Release|Any CPU
	EndGlobalSection
	GlobalSection(SolutionProperties) = preSolution
		HideSolutionNode = FALSE
	EndGlobalSection
	GlobalSection(ExtensibilityGlobals) = postSolution
		SolutionGuid = {3A85FF6B-82EE-46B7-9F54-32E6AAE10A12}
	EndGlobalSection
EndGlobal
